
Microsoft Visual Studio Solution File, Format Version 12.00
# Visual Studio Version 17
VisualStudioVersion = 17.7.34221.43
MinimumVisualStudioVersion = 10.0.40219.1
Project("{FAE04EC0-301F-11D3-BF4B-00C04F79EFBC}") = "Profesorii", "Profesorii\Profesorii.csproj", "{B0F3DDB1-5C16-464E-9C80-F076339BFB1C}"
EndProject
Global
	GlobalSection(SolutionConfigurationPlatforms) = preSolution
		Debug|Any CPU = Debug|Any CPU
		Release|Any CPU = Release|Any CPU
	EndGlobalSection
	GlobalSection(ProjectConfigurationPlatforms) = postSolution
		{B0F3DDB1-5C16-464E-9C80-F076339BFB1C}.Debug|Any CPU.ActiveCfg = Debug|Any CPU
		{B0F3DDB1-5C16-464E-9C80-F076339BFB1C}.Debug|Any CPU.Build.0 = Debug|Any CPU
		{B0F3DDB1-5C16-464E-9C80-F076339BFB1C}.Release|Any CPU.ActiveCfg = Release|Any CPU
		{B0F3DDB1-5C16-464E-9C80-F076339BFB1C}.Release|Any CPU.Build.0 = Release|Any CPU
	EndGlobalSection
	GlobalSection(SolutionProperties) = preSolution
		HideSolutionNode = FALSE
	EndGlobalSection
	GlobalSection(ExtensibilityGlobals) = postSolution
		SolutionGuid = {22BC256C-E204-49FA-BE86-4103B6580CDD}
	EndGlobalSection
EndGlobal
